{
  "name": "react-sample-app",
  "version": "0.1.0",
  "lockfileVersion": 1,
  "requires": true,
  "dependencies": {
    "react-adsense": {
      "version": "0.0.6",
      "resolved": "https://registry.npmjs.org/react-adsense/-/react-adsense-0.0.6.tgz",
      "integrity": "sha512-B1NOJFkURbW+1Gi5J7IxXkIsZ9dAI8MFQpEYfrbfsh7ZdVgOeCcrxjV/3tWpjLiAXCDqVy7yJVn+WecSn7WMow=="
    }
  }
}
